// !$*UTF8*$!
{
	archiveVersion = 1;
	classes = {
	};
	objectVersion = 46;
	objects = {
/* Begin PBXBuildFile section */
		858B842D18CA22B800AB12DE /* InfoPlist.strings in Resources */ = {isa = PBXBuildFile; fileRef = 858B833A18CA111C00AB12DE /* InfoPlist.strings */; };
		CD45EE7C18DC2D5800FB50C0 /* app in Resources */ = {isa = PBXBuildFile; fileRef = CD45EE7A18DC2D5800FB50C0 /* app */; };
		CD62955D1BB2678900AE3A93 /* main.m in Sources */ = {isa = PBXBuildFile; fileRef = CD62955C1BB2678900AE3A93 /* main.m */; };
		E71C1B4529A9423DA2BFE57D /* Default-568h@2x.png in Resources */ = {isa = PBXBuildFile; fileRef = 3BEF6BA78D714974A763E86D /* Default-568h@2x.png */; };
		C7CC91A1A33C4ECBABA31F1D /* Default-667h@2x.png in Resources */ = {isa = PBXBuildFile; fileRef = 076569605C854F7DB169310C /* Default-667h@2x.png */; };
		71883555D5304A32A9413D42 /* Default-736h@3x.png in Resources */ = {isa = PBXBuildFile; fileRef = E3B99F9169834E58A46CCBBE /* Default-736h@3x.png */; };
		60F805641C154012B2B4B593 /* Default-Landscape-568h@2x.png in Resources */ = {isa = PBXBuildFile; fileRef = 0CF4556F4B73496EB71580EC /* Default-Landscape-568h@2x.png */; };
		02CC7BA97D6B438688B21367 /* Default-Landscape-667h@2x.png in Resources */ = {isa = PBXBuildFile; fileRef = 01D4F0456B4C4C66AE0E78ED /* Default-Landscape-667h@2x.png */; };
		9CE35696C13249F4B936D335 /* Default-Landscape.png in Resources */ = {isa = PBXBuildFile; fileRef = EB3EC30E0E62458084B7E55E /* Default-Landscape.png */; };
		6803FFDDC30047C29D428821 /* Default-Landscape@2x.png in Resources */ = {isa = PBXBuildFile; fileRef = 7AF27F3FB04640CAB3032D13 /* Default-Landscape@2x.png */; };
		B973DAD31C16498DA49A4FBB /* Default-Landscape@3x.png in Resources */ = {isa = PBXBuildFile; fileRef = 119E6D6547914B9887535D1B /* Default-Landscape@3x.png */; };
		584BA1571968450F82D31087 /* Default-Portrait.png in Resources */ = {isa = PBXBuildFile; fileRef = 6B70D0333E5E44A1AAD176BB /* Default-Portrait.png */; };
		CFD2E1CD967F44DBBFD503DA /* Default-Portrait@2x.png in Resources */ = {isa = PBXBuildFile; fileRef = B33F93180756411497F69CAA /* Default-Portrait@2x.png */; };
		730B925B54264BE28DE863F5 /* Default.png in Resources */ = {isa = PBXBuildFile; fileRef = AAB7AB8AAA9B4D1AB589A681 /* Default.png */; };
		BBF1E069D7CD44C5BE16DB4C /* Default@2x.png in Resources */ = {isa = PBXBuildFile; fileRef = 29FE889AF06048B69FBD4530 /* Default@2x.png */; };
		914FCCDA32964FC89989D6E5 /* Icon-Small-50.png in Resources */ = {isa = PBXBuildFile; fileRef = B676616192A643DCB1623CC6 /* Icon-Small-50.png */; };
		F910424DD955489BB804AD80 /* Icon-Small-50@2x.png in Resources */ = {isa = PBXBuildFile; fileRef = FC958AEB7A04409BB9A7156D /* Icon-Small-50@2x.png */; };
		06527F64A12542268E0EBF51 /* Icon-Small.png in Resources */ = {isa = PBXBuildFile; fileRef = 8738E5EC5A4F42F98DEFEE31 /* Icon-Small.png */; };
		4101B4A0DEB241C9B6D85F41 /* Icon-Small@2x.png in Resources */ = {isa = PBXBuildFile; fileRef = D50952EAB0E74B65A80961CB /* Icon-Small@2x.png */; };
		D222081238DD471E9E5A9135 /* icon-40.png in Resources */ = {isa = PBXBuildFile; fileRef = ED6D45CF76AB47A6A7A7139E /* icon-40.png */; };
		5B2C2D422BF64E3DA71D4307 /* icon-40@2x.png in Resources */ = {isa = PBXBuildFile; fileRef = 0DEB2DEA6A834DEF82280932 /* icon-40@2x.png */; };
		2B461DDBB3574C3993A63C56 /* icon-60.png in Resources */ = {isa = PBXBuildFile; fileRef = A8F8113D3A2C484FB9185F84 /* icon-60.png */; };
		76E5FAEF2AF84DED9067C2D1 /* icon-60@2x.png in Resources */ = {isa = PBXBuildFile; fileRef = C8050AB943D14C1091D75318 /* icon-60@2x.png */; };
		888E433D861647B2A4131A6A /* icon-72.png in Resources */ = {isa = PBXBuildFile; fileRef = 69426FE1541646E091E96B74 /* icon-72.png */; };
		390D5DDD084D4603AF48EA25 /* icon-72@2x.png in Resources */ = {isa = PBXBuildFile; fileRef = 7FB60A9614AB4069AAC45334 /* icon-72@2x.png */; };
		31BFC29F2CC24F0583C1559D /* icon-76.png in Resources */ = {isa = PBXBuildFile; fileRef = BFB2ABDD37C74C3499917B72 /* icon-76.png */; };
		93073FBB656A49148723C594 /* icon-76@2x.png in Resources */ = {isa = PBXBuildFile; fileRef = C22ED514EE7040ACADEC1CA8 /* icon-76@2x.png */; };
		E90902998DE54F12993F13C8 /* icon.png in Resources */ = {isa = PBXBuildFile; fileRef = 9B2D5DE4D65D406091D21694 /* icon.png */; };
		5F89A79277584A3F99EEC24E /* icon@2x.png in Resources */ = {isa = PBXBuildFile; fileRef = 488137F9521B44ACB7AEF5AD /* icon@2x.png */; };
/* End PBXBuildFile section */

/* Begin PBXCopyFilesBuildPhase section */
		85F5BDFC1A9363BE006B9701 /* Embed Frameworks */ = {
			isa = PBXCopyFilesBuildPhase;
			buildActionMask = 2147483647;
			dstPath = "";
			dstSubfolderSpec = 10;
			files = (
			);
			name = "Embed Frameworks";
			runOnlyForDeploymentPostprocessing = 0;
		};
/* End PBXCopyFilesBuildPhase section */

/* Begin PBXFileReference section */
		858B832E18CA111C00AB12DE /* InfrascaleElephant.app */ = {isa = PBXFileReference; explicitFileType = wrapper.application; includeInIndex = 0; path = InfrascaleElephant.app; sourceTree = BUILT_PRODUCTS_DIR; };
		858B833918CA111C00AB12DE /* InfrascaleElephant-Info.plist */ = {isa = PBXFileReference; lastKnownFileType = text.plist.xml; path = "InfrascaleElephant-Info.plist"; sourceTree = "<group>"; };
		858B833B18CA111C00AB12DE /* en */ = {isa = PBXFileReference; lastKnownFileType = text.plist.strings; name = en; path = en.lproj/InfoPlist.strings; sourceTree = "<group>"; };
		858B833F18CA111C00AB12DE /* InfrascaleElephant-Prefix.pch */ = {isa = PBXFileReference; lastKnownFileType = sourcecode.c.h; path = "InfrascaleElephant-Prefix.pch"; sourceTree = "<group>"; };
		858B843318CA22B800AB12DE /* InfrascaleElephant.app */ = {isa = PBXFileReference; explicitFileType = wrapper.application; includeInIndex = 0; path = InfrascaleElephant.app; sourceTree = BUILT_PRODUCTS_DIR; };
		CD45EE7A18DC2D5800FB50C0 /* app */ = {isa = PBXFileReference; lastKnownFileType = folder; path = app; sourceTree = "<group>"; };
		CD62955C1BB2678900AE3A93 /* main.m */ = {isa = PBXFileReference; fileEncoding = 4; lastKnownFileType = sourcecode.c.objc; name = main.m; path = internal/main.m; sourceTree = SOURCE_ROOT; };
		CDD59A261BB43B5D00EC2671 /* build-debug.xcconfig */ = {isa = PBXFileReference; fileEncoding = 4; lastKnownFileType = text.xcconfig; path = "build-debug.xcconfig"; sourceTree = "<group>"; };
		CDD59A271BB43B5D00EC2671 /* build-release.xcconfig */ = {isa = PBXFileReference; fileEncoding = 4; lastKnownFileType = text.xcconfig; path = "build-release.xcconfig"; sourceTree = "<group>"; };
		CDF4743E1BA4855C0087EA85 /* build.xcconfig */ = {isa = PBXFileReference; fileEncoding = 4; lastKnownFileType = text.xcconfig; path = build.xcconfig; sourceTree = "<group>"; };
		F9B8C6A31ACEDEEB00547416 /* en */ = {isa = PBXFileReference; lastKnownFileType = file.xib; name = en; path = en.lproj/LaunchScreen.xib; sourceTree = "<group>"; };
		3BEF6BA78D714974A763E86D /* Default-568h@2x.png */ = {isa = PBXFileReference; lastKnownFileType = image.png; name = "Default-568h@2x.png"; path = "InfrascaleElephant/Resources/Default-568h@2x.png"; sourceTree = "<group>"; };
		076569605C854F7DB169310C /* Default-667h@2x.png */ = {isa = PBXFileReference; lastKnownFileType = image.png; name = "Default-667h@2x.png"; path = "InfrascaleElephant/Resources/Default-667h@2x.png"; sourceTree = "<group>"; };
		E3B99F9169834E58A46CCBBE /* Default-736h@3x.png */ = {isa = PBXFileReference; lastKnownFileType = image.png; name = "Default-736h@3x.png"; path = "InfrascaleElephant/Resources/Default-736h@3x.png"; sourceTree = "<group>"; };
		0CF4556F4B73496EB71580EC /* Default-Landscape-568h@2x.png */ = {isa = PBXFileReference; lastKnownFileType = image.png; name = "Default-Landscape-568h@2x.png"; path = "InfrascaleElephant/Resources/Default-Landscape-568h@2x.png"; sourceTree = "<group>"; };
		01D4F0456B4C4C66AE0E78ED /* Default-Landscape-667h@2x.png */ = {isa = PBXFileReference; lastKnownFileType = image.png; name = "Default-Landscape-667h@2x.png"; path = "InfrascaleElephant/Resources/Default-Landscape-667h@2x.png"; sourceTree = "<group>"; };
		EB3EC30E0E62458084B7E55E /* Default-Landscape.png */ = {isa = PBXFileReference; lastKnownFileType = image.png; name = "Default-Landscape.png"; path = "InfrascaleElephant/Resources/Default-Landscape.png"; sourceTree = "<group>"; };
		7AF27F3FB04640CAB3032D13 /* Default-Landscape@2x.png */ = {isa = PBXFileReference; lastKnownFileType = image.png; name = "Default-Landscape@2x.png"; path = "InfrascaleElephant/Resources/Default-Landscape@2x.png"; sourceTree = "<group>"; };
		119E6D6547914B9887535D1B /* Default-Landscape@3x.png */ = {isa = PBXFileReference; lastKnownFileType = image.png; name = "Default-Landscape@3x.png"; path = "InfrascaleElephant/Resources/Default-Landscape@3x.png"; sourceTree = "<group>"; };
		6B70D0333E5E44A1AAD176BB /* Default-Portrait.png */ = {isa = PBXFileReference; lastKnownFileType = image.png; name = "Default-Portrait.png"; path = "InfrascaleElephant/Resources/Default-Portrait.png"; sourceTree = "<group>"; };
		B33F93180756411497F69CAA /* Default-Portrait@2x.png */ = {isa = PBXFileReference; lastKnownFileType = image.png; name = "Default-Portrait@2x.png"; path = "InfrascaleElephant/Resources/Default-Portrait@2x.png"; sourceTree = "<group>"; };
		AAB7AB8AAA9B4D1AB589A681 /* Default.png */ = {isa = PBXFileReference; lastKnownFileType = image.png; name = Default.png; path = "InfrascaleElephant/Resources/Default.png"; sourceTree = "<group>"; };
		29FE889AF06048B69FBD4530 /* Default@2x.png */ = {isa = PBXFileReference; lastKnownFileType = image.png; name = "Default@2x.png"; path = "InfrascaleElephant/Resources/Default@2x.png"; sourceTree = "<group>"; };
		B676616192A643DCB1623CC6 /* Icon-Small-50.png */ = {isa = PBXFileReference; lastKnownFileType = image.png; name = "Icon-Small-50.png"; path = "InfrascaleElephant/Resources/Icon-Small-50.png"; sourceTree = "<group>"; };
		FC958AEB7A04409BB9A7156D /* Icon-Small-50@2x.png */ = {isa = PBXFileReference; lastKnownFileType = image.png; name = "Icon-Small-50@2x.png"; path = "InfrascaleElephant/Resources/Icon-Small-50@2x.png"; sourceTree = "<group>"; };
		8738E5EC5A4F42F98DEFEE31 /* Icon-Small.png */ = {isa = PBXFileReference; lastKnownFileType = image.png; name = "Icon-Small.png"; path = "InfrascaleElephant/Resources/Icon-Small.png"; sourceTree = "<group>"; };
		D50952EAB0E74B65A80961CB /* Icon-Small@2x.png */ = {isa = PBXFileReference; lastKnownFileType = image.png; name = "Icon-Small@2x.png"; path = "InfrascaleElephant/Resources/Icon-Small@2x.png"; sourceTree = "<group>"; };
		ED6D45CF76AB47A6A7A7139E /* icon-40.png */ = {isa = PBXFileReference; lastKnownFileType = image.png; name = "icon-40.png"; path = "InfrascaleElephant/Resources/icon-40.png"; sourceTree = "<group>"; };
		0DEB2DEA6A834DEF82280932 /* icon-40@2x.png */ = {isa = PBXFileReference; lastKnownFileType = image.png; name = "icon-40@2x.png"; path = "InfrascaleElephant/Resources/icon-40@2x.png"; sourceTree = "<group>"; };
		A8F8113D3A2C484FB9185F84 /* icon-60.png */ = {isa = PBXFileReference; lastKnownFileType = image.png; name = "icon-60.png"; path = "InfrascaleElephant/Resources/icon-60.png"; sourceTree = "<group>"; };
		C8050AB943D14C1091D75318 /* icon-60@2x.png */ = {isa = PBXFileReference; lastKnownFileType = image.png; name = "icon-60@2x.png"; path = "InfrascaleElephant/Resources/icon-60@2x.png"; sourceTree = "<group>"; };
		69426FE1541646E091E96B74 /* icon-72.png */ = {isa = PBXFileReference; lastKnownFileType = image.png; name = "icon-72.png"; path = "InfrascaleElephant/Resources/icon-72.png"; sourceTree = "<group>"; };
		7FB60A9614AB4069AAC45334 /* icon-72@2x.png */ = {isa = PBXFileReference; lastKnownFileType = image.png; name = "icon-72@2x.png"; path = "InfrascaleElephant/Resources/icon-72@2x.png"; sourceTree = "<group>"; };
		BFB2ABDD37C74C3499917B72 /* icon-76.png */ = {isa = PBXFileReference; lastKnownFileType = image.png; name = "icon-76.png"; path = "InfrascaleElephant/Resources/icon-76.png"; sourceTree = "<group>"; };
		C22ED514EE7040ACADEC1CA8 /* icon-76@2x.png */ = {isa = PBXFileReference; lastKnownFileType = image.png; name = "icon-76@2x.png"; path = "InfrascaleElephant/Resources/icon-76@2x.png"; sourceTree = "<group>"; };
		9B2D5DE4D65D406091D21694 /* icon.png */ = {isa = PBXFileReference; lastKnownFileType = image.png; name = icon.png; path = "InfrascaleElephant/Resources/icon.png"; sourceTree = "<group>"; };
		488137F9521B44ACB7AEF5AD /* icon@2x.png */ = {isa = PBXFileReference; lastKnownFileType = image.png; name = "icon@2x.png"; path = "InfrascaleElephant/Resources/icon@2x.png"; sourceTree = "<group>"; };
/* End PBXFileReference section */

/* Begin PBXFrameworksBuildPhase section */
		858B83F418CA22B800AB12DE /* Frameworks */ = {
			isa = PBXFrameworksBuildPhase;
			buildActionMask = 2147483647;
			files = (
			);
			runOnlyForDeploymentPostprocessing = 0;
		};
/* End PBXFrameworksBuildPhase section */

/* Begin PBXGroup section */
		858B832518CA111C00AB12DE = {
			isa = PBXGroup;
			children = (
				E070579D1B39A9D000214BF1 /* Resources */,
				858B833718CA111C00AB12DE /* InfrascaleElephant */,
				858B833018CA111C00AB12DE /* Frameworks */,
				858B832F18CA111C00AB12DE /* Products */,
			);
			sourceTree = "<group>";
		};
		858B832F18CA111C00AB12DE /* Products */ = {
			isa = PBXGroup;
			children = (
				858B832E18CA111C00AB12DE /* InfrascaleElephant.app */,
				858B843318CA22B800AB12DE /* InfrascaleElephant.app */,
			);
			name = Products;
			sourceTree = "<group>";
		};
		858B833018CA111C00AB12DE /* Frameworks */ = {
			isa = PBXGroup;
			children = (
			);
			name = Frameworks;
			sourceTree = "<group>";
		};
		858B833718CA111C00AB12DE /* InfrascaleElephant */ = {
			isa = PBXGroup;
			children = (
				CD45EE7A18DC2D5800FB50C0 /* app */,
				F9B8C6A21ACEDEEB00547416 /* LaunchScreen.xib */,
				858B833818CA111C00AB12DE /* Supporting Files */,
			);
			path = InfrascaleElephant;
			sourceTree = "<group>";
		};
		858B833818CA111C00AB12DE /* Supporting Files */ = {
			isa = PBXGroup;
			children = (
				CDF4743E1BA4855C0087EA85 /* build.xcconfig */,
				CDD59A261BB43B5D00EC2671 /* build-debug.xcconfig */,
				CDD59A271BB43B5D00EC2671 /* build-release.xcconfig */,
				858B833918CA111C00AB12DE /* InfrascaleElephant-Info.plist */,
				858B833A18CA111C00AB12DE /* InfoPlist.strings */,
				CD62955C1BB2678900AE3A93 /* main.m */,
				858B833F18CA111C00AB12DE /* InfrascaleElephant-Prefix.pch */,
			);
			name = "Supporting Files";
			sourceTree = "<group>";
		};
		E070579D1B39A9D000214BF1 /* Resources */ = {
			isa = PBXGroup;
			children = (
				3BEF6BA78D714974A763E86D /* Default-568h@2x.png */,
				076569605C854F7DB169310C /* Default-667h@2x.png */,
				E3B99F9169834E58A46CCBBE /* Default-736h@3x.png */,
				0CF4556F4B73496EB71580EC /* Default-Landscape-568h@2x.png */,
				01D4F0456B4C4C66AE0E78ED /* Default-Landscape-667h@2x.png */,
				EB3EC30E0E62458084B7E55E /* Default-Landscape.png */,
				7AF27F3FB04640CAB3032D13 /* Default-Landscape@2x.png */,
				119E6D6547914B9887535D1B /* Default-Landscape@3x.png */,
				6B70D0333E5E44A1AAD176BB /* Default-Portrait.png */,
				B33F93180756411497F69CAA /* Default-Portrait@2x.png */,
				AAB7AB8AAA9B4D1AB589A681 /* Default.png */,
				29FE889AF06048B69FBD4530 /* Default@2x.png */,
				B676616192A643DCB1623CC6 /* Icon-Small-50.png */,
				FC958AEB7A04409BB9A7156D /* Icon-Small-50@2x.png */,
				8738E5EC5A4F42F98DEFEE31 /* Icon-Small.png */,
				D50952EAB0E74B65A80961CB /* Icon-Small@2x.png */,
				ED6D45CF76AB47A6A7A7139E /* icon-40.png */,
				0DEB2DEA6A834DEF82280932 /* icon-40@2x.png */,
				A8F8113D3A2C484FB9185F84 /* icon-60.png */,
				C8050AB943D14C1091D75318 /* icon-60@2x.png */,
				69426FE1541646E091E96B74 /* icon-72.png */,
				7FB60A9614AB4069AAC45334 /* icon-72@2x.png */,
				BFB2ABDD37C74C3499917B72 /* icon-76.png */,
				C22ED514EE7040ACADEC1CA8 /* icon-76@2x.png */,
				9B2D5DE4D65D406091D21694 /* icon.png */,
				488137F9521B44ACB7AEF5AD /* icon@2x.png */,
			);
			name = Resources;
			sourceTree = "<group>";
		};
/* End PBXGroup section */

/* Begin PBXNativeTarget section */
		858B83EF18CA22B800AB12DE /* InfrascaleElephant */ = {
			isa = PBXNativeTarget;
			buildConfigurationList = 858B843018CA22B800AB12DE /* Build configuration list for PBXNativeTarget "InfrascaleElephant" */;
			buildPhases = (
				C97FD7AC1ADE5369004DB2A4 /* NativeScript PreBuild */,
				858B83F218CA22B800AB12DE /* Sources */,
				CD62955B1BB2651D00AE3A93 /* NativeScript PreLink */,
				858B83F418CA22B800AB12DE /* Frameworks */,
				858B842C18CA22B800AB12DE /* Resources */,
				85F5BDFC1A9363BE006B9701 /* Embed Frameworks */,
				CD3EAD351B05FF060042DBFC /* NativeScript PostBuild */,
			);
			buildRules = (
			);
			dependencies = (
			);
			name = InfrascaleElephant;
			productName = JDBridgeApp;
			productReference = 858B843318CA22B800AB12DE /* InfrascaleElephant.app */;
			productType = "com.apple.product-type.application";
		};
/* End PBXNativeTarget section */

/* Begin PBXProject section */
		858B832618CA111C00AB12DE /* Project object */ = {
			isa = PBXProject;
			attributes = {
				CLASSPREFIX = TNS;
				LastUpgradeCheck = 500;
				ORGANIZATIONNAME = Telerik;
			};
			buildConfigurationList = 858B832918CA111C00AB12DE /* Build configuration list for PBXProject "InfrascaleElephant" */;
			compatibilityVersion = "Xcode 3.2";
			developmentRegion = English;
			hasScannedForEncodings = 0;
			knownRegions = (
				en,
			);
			mainGroup = 858B832518CA111C00AB12DE;
			productRefGroup = 858B832F18CA111C00AB12DE /* Products */;
			projectDirPath = "";
			projectRoot = "";
			targets = (
				858B83EF18CA22B800AB12DE /* InfrascaleElephant */,
			);
		};
/* End PBXProject section */

/* Begin PBXResourcesBuildPhase section */
		858B842C18CA22B800AB12DE /* Resources */ = {
			isa = PBXResourcesBuildPhase;
			buildActionMask = 2147483647;
			files = (
				CD45EE7C18DC2D5800FB50C0 /* app in Resources */,
				858B842D18CA22B800AB12DE /* InfoPlist.strings in Resources */,
				E71C1B4529A9423DA2BFE57D /* Default-568h@2x.png in Resources */,
				C7CC91A1A33C4ECBABA31F1D /* Default-667h@2x.png in Resources */,
				71883555D5304A32A9413D42 /* Default-736h@3x.png in Resources */,
				60F805641C154012B2B4B593 /* Default-Landscape-568h@2x.png in Resources */,
				02CC7BA97D6B438688B21367 /* Default-Landscape-667h@2x.png in Resources */,
				9CE35696C13249F4B936D335 /* Default-Landscape.png in Resources */,
				6803FFDDC30047C29D428821 /* Default-Landscape@2x.png in Resources */,
				B973DAD31C16498DA49A4FBB /* Default-Landscape@3x.png in Resources */,
				584BA1571968450F82D31087 /* Default-Portrait.png in Resources */,
				CFD2E1CD967F44DBBFD503DA /* Default-Portrait@2x.png in Resources */,
				730B925B54264BE28DE863F5 /* Default.png in Resources */,
				BBF1E069D7CD44C5BE16DB4C /* Default@2x.png in Resources */,
				914FCCDA32964FC89989D6E5 /* Icon-Small-50.png in Resources */,
				F910424DD955489BB804AD80 /* Icon-Small-50@2x.png in Resources */,
				06527F64A12542268E0EBF51 /* Icon-Small.png in Resources */,
				4101B4A0DEB241C9B6D85F41 /* Icon-Small@2x.png in Resources */,
				D222081238DD471E9E5A9135 /* icon-40.png in Resources */,
				5B2C2D422BF64E3DA71D4307 /* icon-40@2x.png in Resources */,
				2B461DDBB3574C3993A63C56 /* icon-60.png in Resources */,
				76E5FAEF2AF84DED9067C2D1 /* icon-60@2x.png in Resources */,
				888E433D861647B2A4131A6A /* icon-72.png in Resources */,
				390D5DDD084D4603AF48EA25 /* icon-72@2x.png in Resources */,
				31BFC29F2CC24F0583C1559D /* icon-76.png in Resources */,
				93073FBB656A49148723C594 /* icon-76@2x.png in Resources */,
				E90902998DE54F12993F13C8 /* icon.png in Resources */,
				5F89A79277584A3F99EEC24E /* icon@2x.png in Resources */,
			);
			runOnlyForDeploymentPostprocessing = 0;
		};
/* End PBXResourcesBuildPhase section */

/* Begin PBXShellScriptBuildPhase section */
		C97FD7AC1ADE5369004DB2A4 /* NativeScript PreBuild */ = {
			isa = PBXShellScriptBuildPhase;
			buildActionMask = 2147483647;
			files = (
			);
			inputPaths = (
			);
			name = "NativeScript PreBuild";
			outputPaths = (
			);
			runOnlyForDeploymentPostprocessing = 0;
			shellPath = /bin/sh;
			shellScript = "\"$SRCROOT/internal/nativescript-pre-build\"";
			showEnvVarsInLog = 0;
		};
		CD3EAD351B05FF060042DBFC /* NativeScript PostBuild */ = {
			isa = PBXShellScriptBuildPhase;
			buildActionMask = 2147483647;
			files = (
			);
			inputPaths = (
			);
			name = "NativeScript PostBuild";
			outputPaths = (
			);
			runOnlyForDeploymentPostprocessing = 0;
			shellPath = /bin/sh;
			shellScript = "\"$SRCROOT/internal/nativescript-post-build\"";
			showEnvVarsInLog = 0;
		};
		CD62955B1BB2651D00AE3A93 /* NativeScript PreLink */ = {
			isa = PBXShellScriptBuildPhase;
			buildActionMask = 2147483647;
			files = (
			);
			inputPaths = (
			);
			name = "NativeScript PreLink";
			outputPaths = (
			);
			runOnlyForDeploymentPostprocessing = 0;
			shellPath = /bin/sh;
			shellScript = "\"$SRCROOT/internal/nativescript-pre-link\"";
			showEnvVarsInLog = 0;
		};
/* End PBXShellScriptBuildPhase section */

/* Begin PBXSourcesBuildPhase section */
		858B83F218CA22B800AB12DE /* Sources */ = {
			isa = PBXSourcesBuildPhase;
			buildActionMask = 2147483647;
			files = (
				CD62955D1BB2678900AE3A93 /* main.m in Sources */,
			);
			runOnlyForDeploymentPostprocessing = 0;
		};
/* End PBXSourcesBuildPhase section */

/* Begin PBXVariantGroup section */
		858B833A18CA111C00AB12DE /* InfoPlist.strings */ = {
			isa = PBXVariantGroup;
			children = (
				858B833B18CA111C00AB12DE /* en */,
			);
			name = InfoPlist.strings;
			sourceTree = "<group>";
		};
		F9B8C6A21ACEDEEB00547416 /* LaunchScreen.xib */ = {
			isa = PBXVariantGroup;
			children = (
				F9B8C6A31ACEDEEB00547416 /* en */,
			);
			name = LaunchScreen.xib;
			sourceTree = "<group>";
		};
/* End PBXVariantGroup section */

/* Begin XCBuildConfiguration section */
		858B835818CA111C00AB12DE /* Debug */ = {
			isa = XCBuildConfiguration;
			buildSettings = {
				ALWAYS_SEARCH_USER_PATHS = NO;
				ARCHS = "$(ARCHS_STANDARD)";
				CLANG_CXX_LANGUAGE_STANDARD = "gnu++0x";
				CLANG_CXX_LIBRARY = "libc++";
				CLANG_ENABLE_MODULES = YES;
				CLANG_ENABLE_OBJC_ARC = YES;
				CLANG_WARN_BOOL_CONVERSION = YES;
				CLANG_WARN_CONSTANT_CONVERSION = YES;
				CLANG_WARN_DIRECT_OBJC_ISA_USAGE = YES_ERROR;
				CLANG_WARN_EMPTY_BODY = YES;
				CLANG_WARN_ENUM_CONVERSION = YES;
				CLANG_WARN_INT_CONVERSION = YES;
				CLANG_WARN_OBJC_ROOT_CLASS = YES_ERROR;
				CLANG_WARN__DUPLICATE_METHOD_MATCH = YES;
				"CODE_SIGN_IDENTITY[sdk=iphoneos*]" = "iPhone Developer";
				COPY_PHASE_STRIP = NO;
				GCC_C_LANGUAGE_STANDARD = gnu99;
				GCC_DYNAMIC_NO_PIC = NO;
				GCC_OPTIMIZATION_LEVEL = 0;
				GCC_SYMBOLS_PRIVATE_EXTERN = NO;
				GCC_WARN_64_TO_32_BIT_CONVERSION = YES;
				GCC_WARN_ABOUT_RETURN_TYPE = YES_ERROR;
				GCC_WARN_UNDECLARED_SELECTOR = YES;
				GCC_WARN_UNINITIALIZED_AUTOS = YES;
				GCC_WARN_UNUSED_FUNCTION = YES;
				GCC_WARN_UNUSED_VARIABLE = YES;
				IPHONEOS_DEPLOYMENT_TARGET = 7.0;
				ONLY_ACTIVE_ARCH = YES;
				SDKROOT = iphoneos;
				TARGETED_DEVICE_FAMILY = "1,2";
				VALID_ARCHS = "armv7 arm64";
			};
			name = Debug;
		};
		858B835918CA111C00AB12DE /* Release */ = {
			isa = XCBuildConfiguration;
			buildSettings = {
				ALWAYS_SEARCH_USER_PATHS = NO;
				ARCHS = "$(ARCHS_STANDARD)";
				CLANG_CXX_LANGUAGE_STANDARD = "gnu++0x";
				CLANG_CXX_LIBRARY = "libc++";
				CLANG_ENABLE_MODULES = YES;
				CLANG_ENABLE_OBJC_ARC = YES;
				CLANG_WARN_BOOL_CONVERSION = YES;
				CLANG_WARN_CONSTANT_CONVERSION = YES;
				CLANG_WARN_DIRECT_OBJC_ISA_USAGE = YES_ERROR;
				CLANG_WARN_EMPTY_BODY = YES;
				CLANG_WARN_ENUM_CONVERSION = YES;
				CLANG_WARN_INT_CONVERSION = YES;
				CLANG_WARN_OBJC_ROOT_CLASS = YES_ERROR;
				CLANG_WARN__DUPLICATE_METHOD_MATCH = YES;
				"CODE_SIGN_IDENTITY[sdk=iphoneos*]" = "iPhone Developer";
				COPY_PHASE_STRIP = YES;
				ENABLE_NS_ASSERTIONS = NO;
				GCC_C_LANGUAGE_STANDARD = gnu99;
				GCC_WARN_64_TO_32_BIT_CONVERSION = YES;
				GCC_WARN_ABOUT_RETURN_TYPE = YES_ERROR;
				GCC_WARN_UNDECLARED_SELECTOR = YES;
				GCC_WARN_UNINITIALIZED_AUTOS = YES;
				GCC_WARN_UNUSED_FUNCTION = YES;
				GCC_WARN_UNUSED_VARIABLE = YES;
				IPHONEOS_DEPLOYMENT_TARGET = 7.0;
				SDKROOT = iphoneos;
				TARGETED_DEVICE_FAMILY = "1,2";
				VALIDATE_PRODUCT = YES;
				VALID_ARCHS = "armv7 arm64";
			};
			name = Release;
		};
		858B843118CA22B800AB12DE /* Debug */ = {
			isa = XCBuildConfiguration;
			baseConfigurationReference = CDD59A261BB43B5D00EC2671 /* build-debug.xcconfig */;
			buildSettings = {
				ARCHS = "$(ARCHS_STANDARD)";
				CLANG_ENABLE_MODULES = NO;
				CLANG_MODULES_AUTOLINK = NO;
				ENABLE_BITCODE = NO;
				GCC_PRECOMPILE_PREFIX_HEADER = YES;
				GCC_PREFIX_HEADER = "InfrascaleElephant/InfrascaleElephant-Prefix.pch";
				GCC_PREPROCESSOR_DEFINITIONS = (
					"$(inherited)",
					"DEBUG=1",
				);
				INFOPLIST_FILE = "$(SRCROOT)/InfrascaleElephant/InfrascaleElephant-Info.plist";
				LD_RUNPATH_SEARCH_PATHS = "$(inherited) @executable_path/Frameworks";
				PRODUCT_NAME = InfrascaleElephant;
				VALID_ARCHS = "armv7 arm64";
				WRAPPER_EXTENSION = app;
			};
			name = Debug;
		};
		858B843218CA22B800AB12DE /* Release */ = {
			isa = XCBuildConfiguration;
			baseConfigurationReference = CDD59A271BB43B5D00EC2671 /* build-release.xcconfig */;
			buildSettings = {
				ARCHS = "$(ARCHS_STANDARD)";
				CLANG_ENABLE_MODULES = NO;
				CLANG_MODULES_AUTOLINK = NO;
				ENABLE_BITCODE = NO;
				GCC_PRECOMPILE_PREFIX_HEADER = YES;
				GCC_PREFIX_HEADER = "InfrascaleElephant/InfrascaleElephant-Prefix.pch";
				INFOPLIST_FILE = "$(SRCROOT)/InfrascaleElephant/InfrascaleElephant-Info.plist";
				LD_RUNPATH_SEARCH_PATHS = "$(inherited) @executable_path/Frameworks";
				PRODUCT_NAME = InfrascaleElephant;
				VALID_ARCHS = "armv7 arm64";
				WRAPPER_EXTENSION = app;
			};
			name = Release;
		};
/* End XCBuildConfiguration section */

/* Begin XCConfigurationList section */
		858B832918CA111C00AB12DE /* Build configuration list for PBXProject "InfrascaleElephant" */ = {
			isa = XCConfigurationList;
			buildConfigurations = (
				858B835818CA111C00AB12DE /* Debug */,
				858B835918CA111C00AB12DE /* Release */,
			);
			defaultConfigurationIsVisible = 0;
			defaultConfigurationName = Release;
		};
		858B843018CA22B800AB12DE /* Build configuration list for PBXNativeTarget "InfrascaleElephant" */ = {
			isa = XCConfigurationList;
			buildConfigurations = (
				858B843118CA22B800AB12DE /* Debug */,
				858B843218CA22B800AB12DE /* Release */,
			);
			defaultConfigurationIsVisible = 0;
			defaultConfigurationName = Release;
		};
/* End XCConfigurationList section */
	};
	rootObject = 858B832618CA111C00AB12DE /* Project object */;
}
