// !$*UTF8*$!
{
	archiveVersion = 1;
	classes = {
	};
	objectVersion = 46;
	objects = {
/* Begin PBXBuildFile section */
		858B842D18CA22B800AB12DE /* InfoPlist.strings in Resources */ = {isa = PBXBuildFile; fileRef = 858B833A18CA111C00AB12DE /* InfoPlist.strings */; };
		CD45EE7C18DC2D5800FB50C0 /* app in Resources */ = {isa = PBXBuildFile; fileRef = CD45EE7A18DC2D5800FB50C0 /* app */; };
		CD62955D1BB2678900AE3A93 /* main.m in Sources */ = {isa = PBXBuildFile; fileRef = CD62955C1BB2678900AE3A93 /* main.m */; };
		0087719B3F0A42AD8B9787D2 /* Default-568h@2x.png in Resources */ = {isa = PBXBuildFile; fileRef = AC67CB856B604347907D7F53 /* Default-568h@2x.png */; };
		9E440BB8FC4E43769991FF30 /* Default-667h@2x.png in Resources */ = {isa = PBXBuildFile; fileRef = B00F0D175DF742BF948134ED /* Default-667h@2x.png */; };
		514E4053ED19486FAFA913A2 /* Default-736h@3x.png in Resources */ = {isa = PBXBuildFile; fileRef = 4A65295AB7DF418594C8ABB8 /* Default-736h@3x.png */; };
		5E45BB7C98F04AD9B1D69616 /* Default-Landscape-568h@2x.png in Resources */ = {isa = PBXBuildFile; fileRef = DA2CDADF61674F29A49C40ED /* Default-Landscape-568h@2x.png */; };
		978208B43DF4492E9F937348 /* Default-Landscape-667h@2x.png in Resources */ = {isa = PBXBuildFile; fileRef = CA6409B96E4B40C48BFAAE5C /* Default-Landscape-667h@2x.png */; };
		AC9C45D5D5CB41C2B96DEDE9 /* Default-Landscape.png in Resources */ = {isa = PBXBuildFile; fileRef = 18C2BEC6FE75451C8782F65B /* Default-Landscape.png */; };
		DCCAC8852E274545B7EFEE5A /* Default-Landscape@2x.png in Resources */ = {isa = PBXBuildFile; fileRef = 6C52B73D67814C8BB6A12D46 /* Default-Landscape@2x.png */; };
		EBE287400BF044C2B39CBD28 /* Default-Landscape@3x.png in Resources */ = {isa = PBXBuildFile; fileRef = FFB032468C9846C79D04520B /* Default-Landscape@3x.png */; };
		20A5499891EE4423BE197B94 /* Default-Portrait.png in Resources */ = {isa = PBXBuildFile; fileRef = C2160194401A4D988AB69481 /* Default-Portrait.png */; };
		D18F6C55ACCF4C2A84E4BF0D /* Default-Portrait@2x.png in Resources */ = {isa = PBXBuildFile; fileRef = CDE0B9D17F9F4964B1C2E9D0 /* Default-Portrait@2x.png */; };
		CAD38D58485449498207ABF4 /* Default.png in Resources */ = {isa = PBXBuildFile; fileRef = 5F8F986A636141A8A99AE89A /* Default.png */; };
		71CA0A0DEFD54B5AA75E9A6F /* Default@2x.png in Resources */ = {isa = PBXBuildFile; fileRef = 2B29261DE99D4323B0AB6BC1 /* Default@2x.png */; };
		C642D38D00BA44598B2B054E /* Icon-Small-50.png in Resources */ = {isa = PBXBuildFile; fileRef = 260239E611894708B0B609E0 /* Icon-Small-50.png */; };
		92565EFCD1E44CAA9E722017 /* Icon-Small-50@2x.png in Resources */ = {isa = PBXBuildFile; fileRef = AA96251027564198909407BF /* Icon-Small-50@2x.png */; };
		F4F79053CEEE418DA9B7DEFA /* Icon-Small.png in Resources */ = {isa = PBXBuildFile; fileRef = DEE468CAA63D4BD3B4B6F81A /* Icon-Small.png */; };
		3699D425B2184A3487242FC6 /* Icon-Small@2x.png in Resources */ = {isa = PBXBuildFile; fileRef = E5AC8EE5F5974DA09D3EEE74 /* Icon-Small@2x.png */; };
		14FE00C905EE48A8973AE77E /* icon-40.png in Resources */ = {isa = PBXBuildFile; fileRef = BC56B25B8A6C4155BAAC0E79 /* icon-40.png */; };
		7D916574BFE541809CF5C2AA /* icon-40@2x.png in Resources */ = {isa = PBXBuildFile; fileRef = 8679179D5A734B9F9BFD3586 /* icon-40@2x.png */; };
		6830EBCB6C994828921FD055 /* icon-60.png in Resources */ = {isa = PBXBuildFile; fileRef = FDC991FC548847DDA2738CBA /* icon-60.png */; };
		B1D4D16AF3FC433DB2CF0452 /* icon-60@2x.png in Resources */ = {isa = PBXBuildFile; fileRef = CFB1C16DC1BC45B58B261939 /* icon-60@2x.png */; };
		E3BF53464A0D48FF8251DF58 /* icon-72.png in Resources */ = {isa = PBXBuildFile; fileRef = 346ED044A664416FB8C1E655 /* icon-72.png */; };
		DCA074B7FBF54C639847CF48 /* icon-72@2x.png in Resources */ = {isa = PBXBuildFile; fileRef = 87053744A1E34F22B2986750 /* icon-72@2x.png */; };
		0EC20DA6CE5D4881A6C0DB0A /* icon-76.png in Resources */ = {isa = PBXBuildFile; fileRef = 3A26DC6F11DA49E2837306A5 /* icon-76.png */; };
		455D1663F5A84866B5872786 /* icon-76@2x.png in Resources */ = {isa = PBXBuildFile; fileRef = 73B9DAD04DB04FD58DF7D587 /* icon-76@2x.png */; };
		6E851040C76445D5B6EF22C3 /* icon.png in Resources */ = {isa = PBXBuildFile; fileRef = C44B92184D5040F69B8BA51E /* icon.png */; };
		9FA33984E77A465B95512C33 /* icon@2x.png in Resources */ = {isa = PBXBuildFile; fileRef = 109AFFBEE0484F8F92003B30 /* icon@2x.png */; };
/* End PBXBuildFile section */

/* Begin PBXCopyFilesBuildPhase section */
		85F5BDFC1A9363BE006B9701 /* Embed Frameworks */ = {
			isa = PBXCopyFilesBuildPhase;
			buildActionMask = 2147483647;
			dstPath = "";
			dstSubfolderSpec = 10;
			files = (
			);
			name = "Embed Frameworks";
			runOnlyForDeploymentPostprocessing = 0;
		};
/* End PBXCopyFilesBuildPhase section */

/* Begin PBXFileReference section */
		858B832E18CA111C00AB12DE /* whiteelephant.app */ = {isa = PBXFileReference; explicitFileType = wrapper.application; includeInIndex = 0; path = whiteelephant.app; sourceTree = BUILT_PRODUCTS_DIR; };
		858B833918CA111C00AB12DE /* whiteelephant-Info.plist */ = {isa = PBXFileReference; lastKnownFileType = text.plist.xml; path = "whiteelephant-Info.plist"; sourceTree = "<group>"; };
		858B833B18CA111C00AB12DE /* en */ = {isa = PBXFileReference; lastKnownFileType = text.plist.strings; name = en; path = en.lproj/InfoPlist.strings; sourceTree = "<group>"; };
		858B833F18CA111C00AB12DE /* whiteelephant-Prefix.pch */ = {isa = PBXFileReference; lastKnownFileType = sourcecode.c.h; path = "whiteelephant-Prefix.pch"; sourceTree = "<group>"; };
		858B843318CA22B800AB12DE /* whiteelephant.app */ = {isa = PBXFileReference; explicitFileType = wrapper.application; includeInIndex = 0; path = whiteelephant.app; sourceTree = BUILT_PRODUCTS_DIR; };
		CD45EE7A18DC2D5800FB50C0 /* app */ = {isa = PBXFileReference; lastKnownFileType = folder; path = app; sourceTree = "<group>"; };
		CD62955C1BB2678900AE3A93 /* main.m */ = {isa = PBXFileReference; fileEncoding = 4; lastKnownFileType = sourcecode.c.objc; name = main.m; path = internal/main.m; sourceTree = SOURCE_ROOT; };
		CDD59A261BB43B5D00EC2671 /* build-debug.xcconfig */ = {isa = PBXFileReference; fileEncoding = 4; lastKnownFileType = text.xcconfig; path = "build-debug.xcconfig"; sourceTree = "<group>"; };
		CDD59A271BB43B5D00EC2671 /* build-release.xcconfig */ = {isa = PBXFileReference; fileEncoding = 4; lastKnownFileType = text.xcconfig; path = "build-release.xcconfig"; sourceTree = "<group>"; };
		CDF4743E1BA4855C0087EA85 /* build.xcconfig */ = {isa = PBXFileReference; fileEncoding = 4; lastKnownFileType = text.xcconfig; path = build.xcconfig; sourceTree = "<group>"; };
		F9B8C6A31ACEDEEB00547416 /* en */ = {isa = PBXFileReference; lastKnownFileType = file.xib; name = en; path = en.lproj/LaunchScreen.xib; sourceTree = "<group>"; };
		AC67CB856B604347907D7F53 /* Default-568h@2x.png */ = {isa = PBXFileReference; lastKnownFileType = image.png; name = "Default-568h@2x.png"; path = "whiteelephant/Resources/Default-568h@2x.png"; sourceTree = "<group>"; };
		B00F0D175DF742BF948134ED /* Default-667h@2x.png */ = {isa = PBXFileReference; lastKnownFileType = image.png; name = "Default-667h@2x.png"; path = "whiteelephant/Resources/Default-667h@2x.png"; sourceTree = "<group>"; };
		4A65295AB7DF418594C8ABB8 /* Default-736h@3x.png */ = {isa = PBXFileReference; lastKnownFileType = image.png; name = "Default-736h@3x.png"; path = "whiteelephant/Resources/Default-736h@3x.png"; sourceTree = "<group>"; };
		DA2CDADF61674F29A49C40ED /* Default-Landscape-568h@2x.png */ = {isa = PBXFileReference; lastKnownFileType = image.png; name = "Default-Landscape-568h@2x.png"; path = "whiteelephant/Resources/Default-Landscape-568h@2x.png"; sourceTree = "<group>"; };
		CA6409B96E4B40C48BFAAE5C /* Default-Landscape-667h@2x.png */ = {isa = PBXFileReference; lastKnownFileType = image.png; name = "Default-Landscape-667h@2x.png"; path = "whiteelephant/Resources/Default-Landscape-667h@2x.png"; sourceTree = "<group>"; };
		18C2BEC6FE75451C8782F65B /* Default-Landscape.png */ = {isa = PBXFileReference; lastKnownFileType = image.png; name = "Default-Landscape.png"; path = "whiteelephant/Resources/Default-Landscape.png"; sourceTree = "<group>"; };
		6C52B73D67814C8BB6A12D46 /* Default-Landscape@2x.png */ = {isa = PBXFileReference; lastKnownFileType = image.png; name = "Default-Landscape@2x.png"; path = "whiteelephant/Resources/Default-Landscape@2x.png"; sourceTree = "<group>"; };
		FFB032468C9846C79D04520B /* Default-Landscape@3x.png */ = {isa = PBXFileReference; lastKnownFileType = image.png; name = "Default-Landscape@3x.png"; path = "whiteelephant/Resources/Default-Landscape@3x.png"; sourceTree = "<group>"; };
		C2160194401A4D988AB69481 /* Default-Portrait.png */ = {isa = PBXFileReference; lastKnownFileType = image.png; name = "Default-Portrait.png"; path = "whiteelephant/Resources/Default-Portrait.png"; sourceTree = "<group>"; };
		CDE0B9D17F9F4964B1C2E9D0 /* Default-Portrait@2x.png */ = {isa = PBXFileReference; lastKnownFileType = image.png; name = "Default-Portrait@2x.png"; path = "whiteelephant/Resources/Default-Portrait@2x.png"; sourceTree = "<group>"; };
		5F8F986A636141A8A99AE89A /* Default.png */ = {isa = PBXFileReference; lastKnownFileType = image.png; name = Default.png; path = "whiteelephant/Resources/Default.png"; sourceTree = "<group>"; };
		2B29261DE99D4323B0AB6BC1 /* Default@2x.png */ = {isa = PBXFileReference; lastKnownFileType = image.png; name = "Default@2x.png"; path = "whiteelephant/Resources/Default@2x.png"; sourceTree = "<group>"; };
		260239E611894708B0B609E0 /* Icon-Small-50.png */ = {isa = PBXFileReference; lastKnownFileType = image.png; name = "Icon-Small-50.png"; path = "whiteelephant/Resources/Icon-Small-50.png"; sourceTree = "<group>"; };
		AA96251027564198909407BF /* Icon-Small-50@2x.png */ = {isa = PBXFileReference; lastKnownFileType = image.png; name = "Icon-Small-50@2x.png"; path = "whiteelephant/Resources/Icon-Small-50@2x.png"; sourceTree = "<group>"; };
		DEE468CAA63D4BD3B4B6F81A /* Icon-Small.png */ = {isa = PBXFileReference; lastKnownFileType = image.png; name = "Icon-Small.png"; path = "whiteelephant/Resources/Icon-Small.png"; sourceTree = "<group>"; };
		E5AC8EE5F5974DA09D3EEE74 /* Icon-Small@2x.png */ = {isa = PBXFileReference; lastKnownFileType = image.png; name = "Icon-Small@2x.png"; path = "whiteelephant/Resources/Icon-Small@2x.png"; sourceTree = "<group>"; };
		BC56B25B8A6C4155BAAC0E79 /* icon-40.png */ = {isa = PBXFileReference; lastKnownFileType = image.png; name = "icon-40.png"; path = "whiteelephant/Resources/icon-40.png"; sourceTree = "<group>"; };
		8679179D5A734B9F9BFD3586 /* icon-40@2x.png */ = {isa = PBXFileReference; lastKnownFileType = image.png; name = "icon-40@2x.png"; path = "whiteelephant/Resources/icon-40@2x.png"; sourceTree = "<group>"; };
		FDC991FC548847DDA2738CBA /* icon-60.png */ = {isa = PBXFileReference; lastKnownFileType = image.png; name = "icon-60.png"; path = "whiteelephant/Resources/icon-60.png"; sourceTree = "<group>"; };
		CFB1C16DC1BC45B58B261939 /* icon-60@2x.png */ = {isa = PBXFileReference; lastKnownFileType = image.png; name = "icon-60@2x.png"; path = "whiteelephant/Resources/icon-60@2x.png"; sourceTree = "<group>"; };
		346ED044A664416FB8C1E655 /* icon-72.png */ = {isa = PBXFileReference; lastKnownFileType = image.png; name = "icon-72.png"; path = "whiteelephant/Resources/icon-72.png"; sourceTree = "<group>"; };
		87053744A1E34F22B2986750 /* icon-72@2x.png */ = {isa = PBXFileReference; lastKnownFileType = image.png; name = "icon-72@2x.png"; path = "whiteelephant/Resources/icon-72@2x.png"; sourceTree = "<group>"; };
		3A26DC6F11DA49E2837306A5 /* icon-76.png */ = {isa = PBXFileReference; lastKnownFileType = image.png; name = "icon-76.png"; path = "whiteelephant/Resources/icon-76.png"; sourceTree = "<group>"; };
		73B9DAD04DB04FD58DF7D587 /* icon-76@2x.png */ = {isa = PBXFileReference; lastKnownFileType = image.png; name = "icon-76@2x.png"; path = "whiteelephant/Resources/icon-76@2x.png"; sourceTree = "<group>"; };
		C44B92184D5040F69B8BA51E /* icon.png */ = {isa = PBXFileReference; lastKnownFileType = image.png; name = icon.png; path = "whiteelephant/Resources/icon.png"; sourceTree = "<group>"; };
		109AFFBEE0484F8F92003B30 /* icon@2x.png */ = {isa = PBXFileReference; lastKnownFileType = image.png; name = "icon@2x.png"; path = "whiteelephant/Resources/icon@2x.png"; sourceTree = "<group>"; };
/* End PBXFileReference section */

/* Begin PBXFrameworksBuildPhase section */
		858B83F418CA22B800AB12DE /* Frameworks */ = {
			isa = PBXFrameworksBuildPhase;
			buildActionMask = 2147483647;
			files = (
			);
			runOnlyForDeploymentPostprocessing = 0;
		};
/* End PBXFrameworksBuildPhase section */

/* Begin PBXGroup section */
		858B832518CA111C00AB12DE = {
			isa = PBXGroup;
			children = (
				E070579D1B39A9D000214BF1 /* Resources */,
				858B833718CA111C00AB12DE /* whiteelephant */,
				858B833018CA111C00AB12DE /* Frameworks */,
				858B832F18CA111C00AB12DE /* Products */,
			);
			sourceTree = "<group>";
		};
		858B832F18CA111C00AB12DE /* Products */ = {
			isa = PBXGroup;
			children = (
				858B832E18CA111C00AB12DE /* whiteelephant.app */,
				858B843318CA22B800AB12DE /* whiteelephant.app */,
			);
			name = Products;
			sourceTree = "<group>";
		};
		858B833018CA111C00AB12DE /* Frameworks */ = {
			isa = PBXGroup;
			children = (
			);
			name = Frameworks;
			sourceTree = "<group>";
		};
		858B833718CA111C00AB12DE /* whiteelephant */ = {
			isa = PBXGroup;
			children = (
				CD45EE7A18DC2D5800FB50C0 /* app */,
				F9B8C6A21ACEDEEB00547416 /* LaunchScreen.xib */,
				858B833818CA111C00AB12DE /* Supporting Files */,
			);
			path = whiteelephant;
			sourceTree = "<group>";
		};
		858B833818CA111C00AB12DE /* Supporting Files */ = {
			isa = PBXGroup;
			children = (
				CDF4743E1BA4855C0087EA85 /* build.xcconfig */,
				CDD59A261BB43B5D00EC2671 /* build-debug.xcconfig */,
				CDD59A271BB43B5D00EC2671 /* build-release.xcconfig */,
				858B833918CA111C00AB12DE /* whiteelephant-Info.plist */,
				858B833A18CA111C00AB12DE /* InfoPlist.strings */,
				CD62955C1BB2678900AE3A93 /* main.m */,
				858B833F18CA111C00AB12DE /* whiteelephant-Prefix.pch */,
			);
			name = "Supporting Files";
			sourceTree = "<group>";
		};
		E070579D1B39A9D000214BF1 /* Resources */ = {
			isa = PBXGroup;
			children = (
				AC67CB856B604347907D7F53 /* Default-568h@2x.png */,
				B00F0D175DF742BF948134ED /* Default-667h@2x.png */,
				4A65295AB7DF418594C8ABB8 /* Default-736h@3x.png */,
				DA2CDADF61674F29A49C40ED /* Default-Landscape-568h@2x.png */,
				CA6409B96E4B40C48BFAAE5C /* Default-Landscape-667h@2x.png */,
				18C2BEC6FE75451C8782F65B /* Default-Landscape.png */,
				6C52B73D67814C8BB6A12D46 /* Default-Landscape@2x.png */,
				FFB032468C9846C79D04520B /* Default-Landscape@3x.png */,
				C2160194401A4D988AB69481 /* Default-Portrait.png */,
				CDE0B9D17F9F4964B1C2E9D0 /* Default-Portrait@2x.png */,
				5F8F986A636141A8A99AE89A /* Default.png */,
				2B29261DE99D4323B0AB6BC1 /* Default@2x.png */,
				260239E611894708B0B609E0 /* Icon-Small-50.png */,
				AA96251027564198909407BF /* Icon-Small-50@2x.png */,
				DEE468CAA63D4BD3B4B6F81A /* Icon-Small.png */,
				E5AC8EE5F5974DA09D3EEE74 /* Icon-Small@2x.png */,
				BC56B25B8A6C4155BAAC0E79 /* icon-40.png */,
				8679179D5A734B9F9BFD3586 /* icon-40@2x.png */,
				FDC991FC548847DDA2738CBA /* icon-60.png */,
				CFB1C16DC1BC45B58B261939 /* icon-60@2x.png */,
				346ED044A664416FB8C1E655 /* icon-72.png */,
				87053744A1E34F22B2986750 /* icon-72@2x.png */,
				3A26DC6F11DA49E2837306A5 /* icon-76.png */,
				73B9DAD04DB04FD58DF7D587 /* icon-76@2x.png */,
				C44B92184D5040F69B8BA51E /* icon.png */,
				109AFFBEE0484F8F92003B30 /* icon@2x.png */,
			);
			name = Resources;
			sourceTree = "<group>";
		};
/* End PBXGroup section */

/* Begin PBXNativeTarget section */
		858B83EF18CA22B800AB12DE /* whiteelephant */ = {
			isa = PBXNativeTarget;
			buildConfigurationList = 858B843018CA22B800AB12DE /* Build configuration list for PBXNativeTarget "whiteelephant" */;
			buildPhases = (
				C97FD7AC1ADE5369004DB2A4 /* NativeScript PreBuild */,
				858B83F218CA22B800AB12DE /* Sources */,
				CD62955B1BB2651D00AE3A93 /* NativeScript PreLink */,
				858B83F418CA22B800AB12DE /* Frameworks */,
				858B842C18CA22B800AB12DE /* Resources */,
				85F5BDFC1A9363BE006B9701 /* Embed Frameworks */,
				CD3EAD351B05FF060042DBFC /* NativeScript PostBuild */,
			);
			buildRules = (
			);
			dependencies = (
			);
			name = whiteelephant;
			productName = JDBridgeApp;
			productReference = 858B843318CA22B800AB12DE /* whiteelephant.app */;
			productType = "com.apple.product-type.application";
		};
/* End PBXNativeTarget section */

/* Begin PBXProject section */
		858B832618CA111C00AB12DE /* Project object */ = {
			isa = PBXProject;
			attributes = {
				CLASSPREFIX = TNS;
				LastUpgradeCheck = 500;
				ORGANIZATIONNAME = Telerik;
			};
			buildConfigurationList = 858B832918CA111C00AB12DE /* Build configuration list for PBXProject "whiteelephant" */;
			compatibilityVersion = "Xcode 3.2";
			developmentRegion = English;
			hasScannedForEncodings = 0;
			knownRegions = (
				en,
			);
			mainGroup = 858B832518CA111C00AB12DE;
			productRefGroup = 858B832F18CA111C00AB12DE /* Products */;
			projectDirPath = "";
			projectRoot = "";
			targets = (
				858B83EF18CA22B800AB12DE /* whiteelephant */,
			);
		};
/* End PBXProject section */

/* Begin PBXResourcesBuildPhase section */
		858B842C18CA22B800AB12DE /* Resources */ = {
			isa = PBXResourcesBuildPhase;
			buildActionMask = 2147483647;
			files = (
				CD45EE7C18DC2D5800FB50C0 /* app in Resources */,
				858B842D18CA22B800AB12DE /* InfoPlist.strings in Resources */,
				0087719B3F0A42AD8B9787D2 /* Default-568h@2x.png in Resources */,
				9E440BB8FC4E43769991FF30 /* Default-667h@2x.png in Resources */,
				514E4053ED19486FAFA913A2 /* Default-736h@3x.png in Resources */,
				5E45BB7C98F04AD9B1D69616 /* Default-Landscape-568h@2x.png in Resources */,
				978208B43DF4492E9F937348 /* Default-Landscape-667h@2x.png in Resources */,
				AC9C45D5D5CB41C2B96DEDE9 /* Default-Landscape.png in Resources */,
				DCCAC8852E274545B7EFEE5A /* Default-Landscape@2x.png in Resources */,
				EBE287400BF044C2B39CBD28 /* Default-Landscape@3x.png in Resources */,
				20A5499891EE4423BE197B94 /* Default-Portrait.png in Resources */,
				D18F6C55ACCF4C2A84E4BF0D /* Default-Portrait@2x.png in Resources */,
				CAD38D58485449498207ABF4 /* Default.png in Resources */,
				71CA0A0DEFD54B5AA75E9A6F /* Default@2x.png in Resources */,
				C642D38D00BA44598B2B054E /* Icon-Small-50.png in Resources */,
				92565EFCD1E44CAA9E722017 /* Icon-Small-50@2x.png in Resources */,
				F4F79053CEEE418DA9B7DEFA /* Icon-Small.png in Resources */,
				3699D425B2184A3487242FC6 /* Icon-Small@2x.png in Resources */,
				14FE00C905EE48A8973AE77E /* icon-40.png in Resources */,
				7D916574BFE541809CF5C2AA /* icon-40@2x.png in Resources */,
				6830EBCB6C994828921FD055 /* icon-60.png in Resources */,
				B1D4D16AF3FC433DB2CF0452 /* icon-60@2x.png in Resources */,
				E3BF53464A0D48FF8251DF58 /* icon-72.png in Resources */,
				DCA074B7FBF54C639847CF48 /* icon-72@2x.png in Resources */,
				0EC20DA6CE5D4881A6C0DB0A /* icon-76.png in Resources */,
				455D1663F5A84866B5872786 /* icon-76@2x.png in Resources */,
				6E851040C76445D5B6EF22C3 /* icon.png in Resources */,
				9FA33984E77A465B95512C33 /* icon@2x.png in Resources */,
			);
			runOnlyForDeploymentPostprocessing = 0;
		};
/* End PBXResourcesBuildPhase section */

/* Begin PBXShellScriptBuildPhase section */
		C97FD7AC1ADE5369004DB2A4 /* NativeScript PreBuild */ = {
			isa = PBXShellScriptBuildPhase;
			buildActionMask = 2147483647;
			files = (
			);
			inputPaths = (
			);
			name = "NativeScript PreBuild";
			outputPaths = (
			);
			runOnlyForDeploymentPostprocessing = 0;
			shellPath = /bin/sh;
			shellScript = "\"$SRCROOT/internal/nativescript-pre-build\"";
			showEnvVarsInLog = 0;
		};
		CD3EAD351B05FF060042DBFC /* NativeScript PostBuild */ = {
			isa = PBXShellScriptBuildPhase;
			buildActionMask = 2147483647;
			files = (
			);
			inputPaths = (
			);
			name = "NativeScript PostBuild";
			outputPaths = (
			);
			runOnlyForDeploymentPostprocessing = 0;
			shellPath = /bin/sh;
			shellScript = "\"$SRCROOT/internal/nativescript-post-build\"";
			showEnvVarsInLog = 0;
		};
		CD62955B1BB2651D00AE3A93 /* NativeScript PreLink */ = {
			isa = PBXShellScriptBuildPhase;
			buildActionMask = 2147483647;
			files = (
			);
			inputPaths = (
			);
			name = "NativeScript PreLink";
			outputPaths = (
			);
			runOnlyForDeploymentPostprocessing = 0;
			shellPath = /bin/sh;
			shellScript = "\"$SRCROOT/internal/nativescript-pre-link\"";
			showEnvVarsInLog = 0;
		};
/* End PBXShellScriptBuildPhase section */

/* Begin PBXSourcesBuildPhase section */
		858B83F218CA22B800AB12DE /* Sources */ = {
			isa = PBXSourcesBuildPhase;
			buildActionMask = 2147483647;
			files = (
				CD62955D1BB2678900AE3A93 /* main.m in Sources */,
			);
			runOnlyForDeploymentPostprocessing = 0;
		};
/* End PBXSourcesBuildPhase section */

/* Begin PBXVariantGroup section */
		858B833A18CA111C00AB12DE /* InfoPlist.strings */ = {
			isa = PBXVariantGroup;
			children = (
				858B833B18CA111C00AB12DE /* en */,
			);
			name = InfoPlist.strings;
			sourceTree = "<group>";
		};
		F9B8C6A21ACEDEEB00547416 /* LaunchScreen.xib */ = {
			isa = PBXVariantGroup;
			children = (
				F9B8C6A31ACEDEEB00547416 /* en */,
			);
			name = LaunchScreen.xib;
			sourceTree = "<group>";
		};
/* End PBXVariantGroup section */

/* Begin XCBuildConfiguration section */
		858B835818CA111C00AB12DE /* Debug */ = {
			isa = XCBuildConfiguration;
			buildSettings = {
				ALWAYS_SEARCH_USER_PATHS = NO;
				ARCHS = "$(ARCHS_STANDARD)";
				CLANG_CXX_LANGUAGE_STANDARD = "gnu++0x";
				CLANG_CXX_LIBRARY = "libc++";
				CLANG_ENABLE_MODULES = YES;
				CLANG_ENABLE_OBJC_ARC = YES;
				CLANG_WARN_BOOL_CONVERSION = YES;
				CLANG_WARN_CONSTANT_CONVERSION = YES;
				CLANG_WARN_DIRECT_OBJC_ISA_USAGE = YES_ERROR;
				CLANG_WARN_EMPTY_BODY = YES;
				CLANG_WARN_ENUM_CONVERSION = YES;
				CLANG_WARN_INT_CONVERSION = YES;
				CLANG_WARN_OBJC_ROOT_CLASS = YES_ERROR;
				CLANG_WARN__DUPLICATE_METHOD_MATCH = YES;
				"CODE_SIGN_IDENTITY[sdk=iphoneos*]" = "iPhone Developer";
				COPY_PHASE_STRIP = NO;
				GCC_C_LANGUAGE_STANDARD = gnu99;
				GCC_DYNAMIC_NO_PIC = NO;
				GCC_OPTIMIZATION_LEVEL = 0;
				GCC_SYMBOLS_PRIVATE_EXTERN = NO;
				GCC_WARN_64_TO_32_BIT_CONVERSION = YES;
				GCC_WARN_ABOUT_RETURN_TYPE = YES_ERROR;
				GCC_WARN_UNDECLARED_SELECTOR = YES;
				GCC_WARN_UNINITIALIZED_AUTOS = YES;
				GCC_WARN_UNUSED_FUNCTION = YES;
				GCC_WARN_UNUSED_VARIABLE = YES;
				IPHONEOS_DEPLOYMENT_TARGET = 7.0;
				ONLY_ACTIVE_ARCH = YES;
				SDKROOT = iphoneos;
				TARGETED_DEVICE_FAMILY = "1,2";
				VALID_ARCHS = "armv7 arm64";
			};
			name = Debug;
		};
		858B835918CA111C00AB12DE /* Release */ = {
			isa = XCBuildConfiguration;
			buildSettings = {
				ALWAYS_SEARCH_USER_PATHS = NO;
				ARCHS = "$(ARCHS_STANDARD)";
				CLANG_CXX_LANGUAGE_STANDARD = "gnu++0x";
				CLANG_CXX_LIBRARY = "libc++";
				CLANG_ENABLE_MODULES = YES;
				CLANG_ENABLE_OBJC_ARC = YES;
				CLANG_WARN_BOOL_CONVERSION = YES;
				CLANG_WARN_CONSTANT_CONVERSION = YES;
				CLANG_WARN_DIRECT_OBJC_ISA_USAGE = YES_ERROR;
				CLANG_WARN_EMPTY_BODY = YES;
				CLANG_WARN_ENUM_CONVERSION = YES;
				CLANG_WARN_INT_CONVERSION = YES;
				CLANG_WARN_OBJC_ROOT_CLASS = YES_ERROR;
				CLANG_WARN__DUPLICATE_METHOD_MATCH = YES;
				"CODE_SIGN_IDENTITY[sdk=iphoneos*]" = "iPhone Developer";
				COPY_PHASE_STRIP = YES;
				ENABLE_NS_ASSERTIONS = NO;
				GCC_C_LANGUAGE_STANDARD = gnu99;
				GCC_WARN_64_TO_32_BIT_CONVERSION = YES;
				GCC_WARN_ABOUT_RETURN_TYPE = YES_ERROR;
				GCC_WARN_UNDECLARED_SELECTOR = YES;
				GCC_WARN_UNINITIALIZED_AUTOS = YES;
				GCC_WARN_UNUSED_FUNCTION = YES;
				GCC_WARN_UNUSED_VARIABLE = YES;
				IPHONEOS_DEPLOYMENT_TARGET = 7.0;
				SDKROOT = iphoneos;
				TARGETED_DEVICE_FAMILY = "1,2";
				VALIDATE_PRODUCT = YES;
				VALID_ARCHS = "armv7 arm64";
			};
			name = Release;
		};
		858B843118CA22B800AB12DE /* Debug */ = {
			isa = XCBuildConfiguration;
			baseConfigurationReference = CDD59A261BB43B5D00EC2671 /* build-debug.xcconfig */;
			buildSettings = {
				ARCHS = "$(ARCHS_STANDARD)";
				CLANG_ENABLE_MODULES = NO;
				CLANG_MODULES_AUTOLINK = NO;
				ENABLE_BITCODE = NO;
				GCC_PRECOMPILE_PREFIX_HEADER = YES;
				GCC_PREFIX_HEADER = "whiteelephant/whiteelephant-Prefix.pch";
				GCC_PREPROCESSOR_DEFINITIONS = (
					"$(inherited)",
					"DEBUG=1",
				);
				INFOPLIST_FILE = "$(SRCROOT)/whiteelephant/whiteelephant-Info.plist";
				LD_RUNPATH_SEARCH_PATHS = "$(inherited) @executable_path/Frameworks";
				PRODUCT_NAME = whiteelephant;
				VALID_ARCHS = "armv7 arm64";
				WRAPPER_EXTENSION = app;
			};
			name = Debug;
		};
		858B843218CA22B800AB12DE /* Release */ = {
			isa = XCBuildConfiguration;
			baseConfigurationReference = CDD59A271BB43B5D00EC2671 /* build-release.xcconfig */;
			buildSettings = {
				ARCHS = "$(ARCHS_STANDARD)";
				CLANG_ENABLE_MODULES = NO;
				CLANG_MODULES_AUTOLINK = NO;
				ENABLE_BITCODE = NO;
				GCC_PRECOMPILE_PREFIX_HEADER = YES;
				GCC_PREFIX_HEADER = "whiteelephant/whiteelephant-Prefix.pch";
				INFOPLIST_FILE = "$(SRCROOT)/whiteelephant/whiteelephant-Info.plist";
				LD_RUNPATH_SEARCH_PATHS = "$(inherited) @executable_path/Frameworks";
				PRODUCT_NAME = whiteelephant;
				VALID_ARCHS = "armv7 arm64";
				WRAPPER_EXTENSION = app;
			};
			name = Release;
		};
/* End XCBuildConfiguration section */

/* Begin XCConfigurationList section */
		858B832918CA111C00AB12DE /* Build configuration list for PBXProject "whiteelephant" */ = {
			isa = XCConfigurationList;
			buildConfigurations = (
				858B835818CA111C00AB12DE /* Debug */,
				858B835918CA111C00AB12DE /* Release */,
			);
			defaultConfigurationIsVisible = 0;
			defaultConfigurationName = Release;
		};
		858B843018CA22B800AB12DE /* Build configuration list for PBXNativeTarget "whiteelephant" */ = {
			isa = XCConfigurationList;
			buildConfigurations = (
				858B843118CA22B800AB12DE /* Debug */,
				858B843218CA22B800AB12DE /* Release */,
			);
			defaultConfigurationIsVisible = 0;
			defaultConfigurationName = Release;
		};
/* End XCConfigurationList section */
	};
	rootObject = 858B832618CA111C00AB12DE /* Project object */;
}
